
Microsoft Visual Studio Solution File, Format Version 12.00
# Visual Studio Version 17
VisualStudioVersion = 17.10.35827.194
MinimumVisualStudioVersion = 10.0.40219.1
Project("{B1E792BE-AA5F-4E3C-8C82-674BF9C0715B}") = "TwinCAT Project", "TwinCAT\TwinCAT Project.tsproj", "{2B124367-F101-4677-9BE2-DF3AB9B4A560}"
EndProject
Project("{FE7A1B72-C5B7-4D7C-BB7D-76384D4DE8E1}") = "HMI", "HMI\HMI.hmiproj", "{DD23B566-A7FB-4C0F-B75E-77620DB9395F}"
EndProject
Project("{FAE04EC0-301F-11D3-BF4B-00C04F79EFBC}") = "SysManAI", "SysManAI\SysManAI.csproj", "{450E16C6-95FB-4719-93A7-513EB0F3FCDD}"
EndProject
Global
	GlobalSection(SolutionConfigurationPlatforms) = preSolution
		Debug|Any CPU = Debug|Any CPU
		Debug|TwinCAT HMI = Debug|TwinCAT HMI
		Debug|TwinCAT OS (ARMV7-A) = Debug|TwinCAT OS (ARMV7-A)
		Debug|TwinCAT OS (ARMV7-M) = Debug|TwinCAT OS (ARMV7-M)
		Debug|TwinCAT OS (ARMV8-A) = Debug|TwinCAT OS (ARMV8-A)
		Debug|TwinCAT OS (x64) = Debug|TwinCAT OS (x64)
		Debug|TwinCAT OS (x64-E) = Debug|TwinCAT OS (x64-E)
		Debug|TwinCAT RT (x64) = Debug|TwinCAT RT (x64)
		Debug|TwinCAT RT (x86) = Debug|TwinCAT RT (x86)
		Release|Any CPU = Release|Any CPU
		Release|TwinCAT HMI = Release|TwinCAT HMI
		Release|TwinCAT OS (ARMV7-A) = Release|TwinCAT OS (ARMV7-A)
		Release|TwinCAT OS (ARMV7-M) = Release|TwinCAT OS (ARMV7-M)
		Release|TwinCAT OS (ARMV8-A) = Release|TwinCAT OS (ARMV8-A)
		Release|TwinCAT OS (x64) = Release|TwinCAT OS (x64)
		Release|TwinCAT OS (x64-E) = Release|TwinCAT OS (x64-E)
		Release|TwinCAT RT (x64) = Release|TwinCAT RT (x64)
		Release|TwinCAT RT (x86) = Release|TwinCAT RT (x86)
	EndGlobalSection
	GlobalSection(ProjectConfigurationPlatforms) = postSolution
		{2B124367-F101-4677-9BE2-DF3AB9B4A560}.Debug|Any CPU.ActiveCfg = Debug|TwinCAT RT (x64)
		{2B124367-F101-4677-9BE2-DF3AB9B4A560}.Debug|Any CPU.Build.0 = Debug|TwinCAT RT (x64)
		{2B124367-F101-4677-9BE2-DF3AB9B4A560}.Debug|TwinCAT HMI.ActiveCfg = Debug|TwinCAT RT (x86)
		{2B124367-F101-4677-9BE2-DF3AB9B4A560}.Debug|TwinCAT HMI.Build.0 = Debug|TwinCAT RT (x86)
		{2B124367-F101-4677-9BE2-DF3AB9B4A560}.Debug|TwinCAT OS (ARMV7-A).ActiveCfg = Debug|TwinCAT OS (ARMV7-A)
		{2B124367-F101-4677-9BE2-DF3AB9B4A560}.Debug|TwinCAT OS (ARMV7-A).Build.0 = Debug|TwinCAT OS (ARMV7-A)
		{2B124367-F101-4677-9BE2-DF3AB9B4A560}.Debug|TwinCAT OS (ARMV7-M).ActiveCfg = Debug|TwinCAT OS (ARMV7-M)
		{2B124367-F101-4677-9BE2-DF3AB9B4A560}.Debug|TwinCAT OS (ARMV7-M).Build.0 = Debug|TwinCAT OS (ARMV7-M)
		{2B124367-F101-4677-9BE2-DF3AB9B4A560}.Debug|TwinCAT OS (ARMV8-A).ActiveCfg = Debug|TwinCAT OS (ARMV8-A)
		{2B124367-F101-4677-9BE2-DF3AB9B4A560}.Debug|TwinCAT OS (ARMV8-A).Build.0 = Debug|TwinCAT OS (ARMV8-A)
		{2B124367-F101-4677-9BE2-DF3AB9B4A560}.Debug|TwinCAT OS (x64).ActiveCfg = Debug|TwinCAT OS (x64)
		{2B124367-F101-4677-9BE2-DF3AB9B4A560}.Debug|TwinCAT OS (x64).Build.0 = Debug|TwinCAT OS (x64)
		{2B124367-F101-4677-9BE2-DF3AB9B4A560}.Debug|TwinCAT OS (x64-E).ActiveCfg = Debug|TwinCAT OS (x64-E)
		{2B124367-F101-4677-9BE2-DF3AB9B4A560}.Debug|TwinCAT OS (x64-E).Build.0 = Debug|TwinCAT OS (x64-E)
		{2B124367-F101-4677-9BE2-DF3AB9B4A560}.Debug|TwinCAT RT (x64).ActiveCfg = Debug|TwinCAT RT (x64)
		{2B124367-F101-4677-9BE2-DF3AB9B4A560}.Debug|TwinCAT RT (x64).Build.0 = Debug|TwinCAT RT (x64)
		{2B124367-F101-4677-9BE2-DF3AB9B4A560}.Debug|TwinCAT RT (x86).ActiveCfg = Debug|TwinCAT RT (x86)
		{2B124367-F101-4677-9BE2-DF3AB9B4A560}.Debug|TwinCAT RT (x86).Build.0 = Debug|TwinCAT RT (x86)
		{2B124367-F101-4677-9BE2-DF3AB9B4A560}.Release|Any CPU.ActiveCfg = Release|TwinCAT RT (x64)
		{2B124367-F101-4677-9BE2-DF3AB9B4A560}.Release|Any CPU.Build.0 = Release|TwinCAT RT (x64)
		{2B124367-F101-4677-9BE2-DF3AB9B4A560}.Release|TwinCAT HMI.ActiveCfg = Release|TwinCAT RT (x86)
		{2B124367-F101-4677-9BE2-DF3AB9B4A560}.Release|TwinCAT HMI.Build.0 = Release|TwinCAT RT (x86)
		{2B124367-F101-4677-9BE2-DF3AB9B4A560}.Release|TwinCAT OS (ARMV7-A).ActiveCfg = Release|TwinCAT OS (ARMV7-A)
		{2B124367-F101-4677-9BE2-DF3AB9B4A560}.Release|TwinCAT OS (ARMV7-A).Build.0 = Release|TwinCAT OS (ARMV7-A)
		{2B124367-F101-4677-9BE2-DF3AB9B4A560}.Release|TwinCAT OS (ARMV7-M).ActiveCfg = Release|TwinCAT OS (ARMV7-M)
		{2B124367-F101-4677-9BE2-DF3AB9B4A560}.Release|TwinCAT OS (ARMV7-M).Build.0 = Release|TwinCAT OS (ARMV7-M)
		{2B124367-F101-4677-9BE2-DF3AB9B4A560}.Release|TwinCAT OS (ARMV8-A).ActiveCfg = Release|TwinCAT OS (ARMV8-A)
		{2B124367-F101-4677-9BE2-DF3AB9B4A560}.Release|TwinCAT OS (ARMV8-A).Build.0 = Release|TwinCAT OS (ARMV8-A)
		{2B124367-F101-4677-9BE2-DF3AB9B4A560}.Release|TwinCAT OS (x64).ActiveCfg = Release|TwinCAT OS (x64)
		{2B124367-F101-4677-9BE2-DF3AB9B4A560}.Release|TwinCAT OS (x64).Build.0 = Release|TwinCAT OS (x64)
		{2B124367-F101-4677-9BE2-DF3AB9B4A560}.Release|TwinCAT OS (x64-E).ActiveCfg = Release|TwinCAT OS (x64-E)
		{2B124367-F101-4677-9BE2-DF3AB9B4A560}.Release|TwinCAT OS (x64-E).Build.0 = Release|TwinCAT OS (x64-E)
		{2B124367-F101-4677-9BE2-DF3AB9B4A560}.Release|TwinCAT RT (x64).ActiveCfg = Release|TwinCAT RT (x64)
		{2B124367-F101-4677-9BE2-DF3AB9B4A560}.Release|TwinCAT RT (x64).Build.0 = Release|TwinCAT RT (x64)
		{2B124367-F101-4677-9BE2-DF3AB9B4A560}.Release|TwinCAT RT (x86).ActiveCfg = Release|TwinCAT RT (x86)
		{2B124367-F101-4677-9BE2-DF3AB9B4A560}.Release|TwinCAT RT (x86).Build.0 = Release|TwinCAT RT (x86)
		{DD23B566-A7FB-4C0F-B75E-77620DB9395F}.Debug|Any CPU.ActiveCfg = Debug|TwinCAT HMI
		{DD23B566-A7FB-4C0F-B75E-77620DB9395F}.Debug|Any CPU.Build.0 = Debug|TwinCAT HMI
		{DD23B566-A7FB-4C0F-B75E-77620DB9395F}.Debug|TwinCAT HMI.ActiveCfg = Debug|TwinCAT HMI
		{DD23B566-A7FB-4C0F-B75E-77620DB9395F}.Debug|TwinCAT HMI.Build.0 = Debug|TwinCAT HMI
		{DD23B566-A7FB-4C0F-B75E-77620DB9395F}.Debug|TwinCAT OS (ARMV7-A).ActiveCfg = Debug|TwinCAT HMI
		{DD23B566-A7FB-4C0F-B75E-77620DB9395F}.Debug|TwinCAT OS (ARMV7-A).Build.0 = Debug|TwinCAT HMI
		{DD23B566-A7FB-4C0F-B75E-77620DB9395F}.Debug|TwinCAT OS (ARMV7-M).ActiveCfg = Debug|TwinCAT HMI
		{DD23B566-A7FB-4C0F-B75E-77620DB9395F}.Debug|TwinCAT OS (ARMV7-M).Build.0 = Debug|TwinCAT HMI
		{DD23B566-A7FB-4C0F-B75E-77620DB9395F}.Debug|TwinCAT OS (ARMV8-A).ActiveCfg = Debug|TwinCAT HMI
		{DD23B566-A7FB-4C0F-B75E-77620DB9395F}.Debug|TwinCAT OS (ARMV8-A).Build.0 = Debug|TwinCAT HMI
		{DD23B566-A7FB-4C0F-B75E-77620DB9395F}.Debug|TwinCAT OS (x64).ActiveCfg = Debug|TwinCAT HMI
		{DD23B566-A7FB-4C0F-B75E-77620DB9395F}.Debug|TwinCAT OS (x64).Build.0 = Debug|TwinCAT HMI
		{DD23B566-A7FB-4C0F-B75E-77620DB9395F}.Debug|TwinCAT OS (x64-E).ActiveCfg = Debug|TwinCAT HMI
		{DD23B566-A7FB-4C0F-B75E-77620DB9395F}.Debug|TwinCAT OS (x64-E).Build.0 = Debug|TwinCAT HMI
		{DD23B566-A7FB-4C0F-B75E-77620DB9395F}.Debug|TwinCAT RT (x64).ActiveCfg = Debug|TwinCAT HMI
		{DD23B566-A7FB-4C0F-B75E-77620DB9395F}.Debug|TwinCAT RT (x64).Build.0 = Debug|TwinCAT HMI
		{DD23B566-A7FB-4C0F-B75E-77620DB9395F}.Debug|TwinCAT RT (x86).ActiveCfg = Debug|TwinCAT HMI
		{DD23B566-A7FB-4C0F-B75E-77620DB9395F}.Debug|TwinCAT RT (x86).Build.0 = Debug|TwinCAT HMI
		{DD23B566-A7FB-4C0F-B75E-77620DB9395F}.Release|Any CPU.ActiveCfg = Release|TwinCAT HMI
		{DD23B566-A7FB-4C0F-B75E-77620DB9395F}.Release|Any CPU.Build.0 = Release|TwinCAT HMI
		{DD23B566-A7FB-4C0F-B75E-77620DB9395F}.Release|TwinCAT HMI.ActiveCfg = Release|TwinCAT HMI
		{DD23B566-A7FB-4C0F-B75E-77620DB9395F}.Release|TwinCAT HMI.Build.0 = Release|TwinCAT HMI
		{DD23B566-A7FB-4C0F-B75E-77620DB9395F}.Release|TwinCAT OS (ARMV7-A).ActiveCfg = Release|TwinCAT HMI
		{DD23B566-A7FB-4C0F-B75E-77620DB9395F}.Release|TwinCAT OS (ARMV7-A).Build.0 = Release|TwinCAT HMI
		{DD23B566-A7FB-4C0F-B75E-77620DB9395F}.Release|TwinCAT OS (ARMV7-M).ActiveCfg = Release|TwinCAT HMI
		{DD23B566-A7FB-4C0F-B75E-77620DB9395F}.Release|TwinCAT OS (ARMV7-M).Build.0 = Release|TwinCAT HMI
		{DD23B566-A7FB-4C0F-B75E-77620DB9395F}.Release|TwinCAT OS (ARMV8-A).ActiveCfg = Release|TwinCAT HMI
		{DD23B566-A7FB-4C0F-B75E-77620DB9395F}.Release|TwinCAT OS (ARMV8-A).Build.0 = Release|TwinCAT HMI
		{DD23B566-A7FB-4C0F-B75E-77620DB9395F}.Release|TwinCAT OS (x64).ActiveCfg = Release|TwinCAT HMI
		{DD23B566-A7FB-4C0F-B75E-77620DB9395F}.Release|TwinCAT OS (x64).Build.0 = Release|TwinCAT HMI
		{DD23B566-A7FB-4C0F-B75E-77620DB9395F}.Release|TwinCAT OS (x64-E).ActiveCfg = Release|TwinCAT HMI
		{DD23B566-A7FB-4C0F-B75E-77620DB9395F}.Release|TwinCAT OS (x64-E).Build.0 = Release|TwinCAT HMI
		{DD23B566-A7FB-4C0F-B75E-77620DB9395F}.Release|TwinCAT RT (x64).ActiveCfg = Release|TwinCAT HMI
		{DD23B566-A7FB-4C0F-B75E-77620DB9395F}.Release|TwinCAT RT (x64).Build.0 = Release|TwinCAT HMI
		{DD23B566-A7FB-4C0F-B75E-77620DB9395F}.Release|TwinCAT RT (x86).ActiveCfg = Release|TwinCAT HMI
		{DD23B566-A7FB-4C0F-B75E-77620DB9395F}.Release|TwinCAT RT (x86).Build.0 = Release|TwinCAT HMI
		{450E16C6-95FB-4719-93A7-513EB0F3FCDD}.Debug|Any CPU.ActiveCfg = Debug|Any CPU
		{450E16C6-95FB-4719-93A7-513EB0F3FCDD}.Debug|Any CPU.Build.0 = Debug|Any CPU
		{450E16C6-95FB-4719-93A7-513EB0F3FCDD}.Debug|TwinCAT HMI.ActiveCfg = Debug|Any CPU
		{450E16C6-95FB-4719-93A7-513EB0F3FCDD}.Debug|TwinCAT HMI.Build.0 = Debug|Any CPU
		{450E16C6-95FB-4719-93A7-513EB0F3FCDD}.Debug|TwinCAT OS (ARMV7-A).ActiveCfg = Debug|Any CPU
		{450E16C6-95FB-4719-93A7-513EB0F3FCDD}.Debug|TwinCAT OS (ARMV7-A).Build.0 = Debug|Any CPU
		{450E16C6-95FB-4719-93A7-513EB0F3FCDD}.Debug|TwinCAT OS (ARMV7-M).ActiveCfg = Debug|Any CPU
		{450E16C6-95FB-4719-93A7-513EB0F3FCDD}.Debug|TwinCAT OS (ARMV7-M).Build.0 = Debug|Any CPU
		{450E16C6-95FB-4719-93A7-513EB0F3FCDD}.Debug|TwinCAT OS (ARMV8-A).ActiveCfg = Debug|Any CPU
		{450E16C6-95FB-4719-93A7-513EB0F3FCDD}.Debug|TwinCAT OS (ARMV8-A).Build.0 = Debug|Any CPU
		{450E16C6-95FB-4719-93A7-513EB0F3FCDD}.Debug|TwinCAT OS (x64).ActiveCfg = Debug|Any CPU
		{450E16C6-95FB-4719-93A7-513EB0F3FCDD}.Debug|TwinCAT OS (x64).Build.0 = Debug|Any CPU
		{450E16C6-95FB-4719-93A7-513EB0F3FCDD}.Debug|TwinCAT OS (x64-E).ActiveCfg = Debug|Any CPU
		{450E16C6-95FB-4719-93A7-513EB0F3FCDD}.Debug|TwinCAT OS (x64-E).Build.0 = Debug|Any CPU
		{450E16C6-95FB-4719-93A7-513EB0F3FCDD}.Debug|TwinCAT RT (x64).ActiveCfg = Debug|Any CPU
		{450E16C6-95FB-4719-93A7-513EB0F3FCDD}.Debug|TwinCAT RT (x64).Build.0 = Debug|Any CPU
		{450E16C6-95FB-4719-93A7-513EB0F3FCDD}.Debug|TwinCAT RT (x86).ActiveCfg = Debug|Any CPU
		{450E16C6-95FB-4719-93A7-513EB0F3FCDD}.Debug|TwinCAT RT (x86).Build.0 = Debug|Any CPU
		{450E16C6-95FB-4719-93A7-513EB0F3FCDD}.Release|Any CPU.ActiveCfg = Release|Any CPU
		{450E16C6-95FB-4719-93A7-513EB0F3FCDD}.Release|Any CPU.Build.0 = Release|Any CPU
		{450E16C6-95FB-4719-93A7-513EB0F3FCDD}.Release|TwinCAT HMI.ActiveCfg = Release|Any CPU
		{450E16C6-95FB-4719-93A7-513EB0F3FCDD}.Release|TwinCAT HMI.Build.0 = Release|Any CPU
		{450E16C6-95FB-4719-93A7-513EB0F3FCDD}.Release|TwinCAT OS (ARMV7-A).ActiveCfg = Release|Any CPU
		{450E16C6-95FB-4719-93A7-513EB0F3FCDD}.Release|TwinCAT OS (ARMV7-A).Build.0 = Release|Any CPU
		{450E16C6-95FB-4719-93A7-513EB0F3FCDD}.Release|TwinCAT OS (ARMV7-M).ActiveCfg = Release|Any CPU
		{450E16C6-95FB-4719-93A7-513EB0F3FCDD}.Release|TwinCAT OS (ARMV7-M).Build.0 = Release|Any CPU
		{450E16C6-95FB-4719-93A7-513EB0F3FCDD}.Release|TwinCAT OS (ARMV8-A).ActiveCfg = Release|Any CPU
		{450E16C6-95FB-4719-93A7-513EB0F3FCDD}.Release|TwinCAT OS (ARMV8-A).Build.0 = Release|Any CPU
		{450E16C6-95FB-4719-93A7-513EB0F3FCDD}.Release|TwinCAT OS (x64).ActiveCfg = Release|Any CPU
		{450E16C6-95FB-4719-93A7-513EB0F3FCDD}.Release|TwinCAT OS (x64).Build.0 = Release|Any CPU
		{450E16C6-95FB-4719-93A7-513EB0F3FCDD}.Release|TwinCAT OS (x64-E).ActiveCfg = Release|Any CPU
		{450E16C6-95FB-4719-93A7-513EB0F3FCDD}.Release|TwinCAT OS (x64-E).Build.0 = Release|Any CPU
		{450E16C6-95FB-4719-93A7-513EB0F3FCDD}.Release|TwinCAT RT (x64).ActiveCfg = Release|Any CPU
		{450E16C6-95FB-4719-93A7-513EB0F3FCDD}.Release|TwinCAT RT (x64).Build.0 = Release|Any CPU
		{450E16C6-95FB-4719-93A7-513EB0F3FCDD}.Release|TwinCAT RT (x86).ActiveCfg = Release|Any CPU
		{450E16C6-95FB-4719-93A7-513EB0F3FCDD}.Release|TwinCAT RT (x86).Build.0 = Release|Any CPU
		{D7E89136-3ECA-45C7-80AF-29847B0245E4}.Debug|Any CPU.ActiveCfg = Debug|TwinCAT RT (x86)
		{D7E89136-3ECA-45C7-80AF-29847B0245E4}.Debug|Any CPU.Build.0 = Debug|TwinCAT RT (x86)
		{D7E89136-3ECA-45C7-80AF-29847B0245E4}.Debug|TwinCAT HMI.ActiveCfg = Debug|TwinCAT RT (x64)
		{D7E89136-3ECA-45C7-80AF-29847B0245E4}.Debug|TwinCAT HMI.Build.0 = Debug|TwinCAT RT (x64)
		{D7E89136-3ECA-45C7-80AF-29847B0245E4}.Debug|TwinCAT OS (ARMV7-A).ActiveCfg = Debug|TwinCAT OS (ARMV7-A)
		{D7E89136-3ECA-45C7-80AF-29847B0245E4}.Debug|TwinCAT OS (ARMV7-A).Build.0 = Debug|TwinCAT OS (ARMV7-A)
		{D7E89136-3ECA-45C7-80AF-29847B0245E4}.Debug|TwinCAT OS (ARMV7-M).ActiveCfg = Debug|TwinCAT OS (ARMV7-M)
		{D7E89136-3ECA-45C7-80AF-29847B0245E4}.Debug|TwinCAT OS (ARMV7-M).Build.0 = Debug|TwinCAT OS (ARMV7-M)
		{D7E89136-3ECA-45C7-80AF-29847B0245E4}.Debug|TwinCAT OS (ARMV8-A).ActiveCfg = Debug|TwinCAT OS (ARMV8-A)
		{D7E89136-3ECA-45C7-80AF-29847B0245E4}.Debug|TwinCAT OS (ARMV8-A).Build.0 = Debug|TwinCAT OS (ARMV8-A)
		{D7E89136-3ECA-45C7-80AF-29847B0245E4}.Debug|TwinCAT OS (x64).ActiveCfg = Debug|TwinCAT OS (x64)
		{D7E89136-3ECA-45C7-80AF-29847B0245E4}.Debug|TwinCAT OS (x64).Build.0 = Debug|TwinCAT OS (x64)
		{D7E89136-3ECA-45C7-80AF-29847B0245E4}.Debug|TwinCAT OS (x64-E).ActiveCfg = Debug|TwinCAT OS (x64-E)
		{D7E89136-3ECA-45C7-80AF-29847B0245E4}.Debug|TwinCAT OS (x64-E).Build.0 = Debug|TwinCAT OS (x64-E)
		{D7E89136-3ECA-45C7-80AF-29847B0245E4}.Debug|TwinCAT RT (x64).ActiveCfg = Debug|TwinCAT RT (x64)
		{D7E89136-3ECA-45C7-80AF-29847B0245E4}.Debug|TwinCAT RT (x64).Build.0 = Debug|TwinCAT RT (x64)
		{D7E89136-3ECA-45C7-80AF-29847B0245E4}.Debug|TwinCAT RT (x86).ActiveCfg = Debug|TwinCAT RT (x86)
		{D7E89136-3ECA-45C7-80AF-29847B0245E4}.Debug|TwinCAT RT (x86).Build.0 = Debug|TwinCAT RT (x86)
		{D7E89136-3ECA-45C7-80AF-29847B0245E4}.Release|Any CPU.ActiveCfg = Release|TwinCAT RT (x86)
		{D7E89136-3ECA-45C7-80AF-29847B0245E4}.Release|Any CPU.Build.0 = Release|TwinCAT RT (x86)
		{D7E89136-3ECA-45C7-80AF-29847B0245E4}.Release|TwinCAT HMI.ActiveCfg = Release|TwinCAT RT (x64)
		{D7E89136-3ECA-45C7-80AF-29847B0245E4}.Release|TwinCAT HMI.Build.0 = Release|TwinCAT RT (x64)
		{D7E89136-3ECA-45C7-80AF-29847B0245E4}.Release|TwinCAT OS (ARMV7-A).ActiveCfg = Release|TwinCAT OS (ARMV7-A)
		{D7E89136-3ECA-45C7-80AF-29847B0245E4}.Release|TwinCAT OS (ARMV7-A).Build.0 = Release|TwinCAT OS (ARMV7-A)
		{D7E89136-3ECA-45C7-80AF-29847B0245E4}.Release|TwinCAT OS (ARMV7-M).ActiveCfg = Release|TwinCAT OS (ARMV7-M)
		{D7E89136-3ECA-45C7-80AF-29847B0245E4}.Release|TwinCAT OS (ARMV7-M).Build.0 = Release|TwinCAT OS (ARMV7-M)
		{D7E89136-3ECA-45C7-80AF-29847B0245E4}.Release|TwinCAT OS (ARMV8-A).ActiveCfg = Release|TwinCAT OS (ARMV8-A)
		{D7E89136-3ECA-45C7-80AF-29847B0245E4}.Release|TwinCAT OS (ARMV8-A).Build.0 = Release|TwinCAT OS (ARMV8-A)
		{D7E89136-3ECA-45C7-80AF-29847B0245E4}.Release|TwinCAT OS (x64).ActiveCfg = Release|TwinCAT OS (x64)
		{D7E89136-3ECA-45C7-80AF-29847B0245E4}.Release|TwinCAT OS (x64).Build.0 = Release|TwinCAT OS (x64)
		{D7E89136-3ECA-45C7-80AF-29847B0245E4}.Release|TwinCAT OS (x64-E).ActiveCfg = Release|TwinCAT OS (x64-E)
		{D7E89136-3ECA-45C7-80AF-29847B0245E4}.Release|TwinCAT OS (x64-E).Build.0 = Release|TwinCAT OS (x64-E)
		{D7E89136-3ECA-45C7-80AF-29847B0245E4}.Release|TwinCAT RT (x64).ActiveCfg = Release|TwinCAT RT (x64)
		{D7E89136-3ECA-45C7-80AF-29847B0245E4}.Release|TwinCAT RT (x64).Build.0 = Release|TwinCAT RT (x64)
		{D7E89136-3ECA-45C7-80AF-29847B0245E4}.Release|TwinCAT RT (x86).ActiveCfg = Release|TwinCAT RT (x86)
		{D7E89136-3ECA-45C7-80AF-29847B0245E4}.Release|TwinCAT RT (x86).Build.0 = Release|TwinCAT RT (x86)
	EndGlobalSection
	GlobalSection(SolutionProperties) = preSolution
		HideSolutionNode = FALSE
	EndGlobalSection
	GlobalSection(ExtensibilityGlobals) = postSolution
		SolutionGuid = {A520629C-6BD7-4F22-B5D6-59B378288F3A}
	EndGlobalSection
EndGlobal
